<?xml version="1.0" encoding="utf-8"?>
<Project ToolsVersion="4.0" xmlns="http://schemas.microsoft.com/developer/msbuild/2003">
  <ItemGroup>
    <Filter Include="Resource Files">
      <UniqueIdentifier>{67DA6AB6-F800-4c08-8B7A-83BB121AAD01}</UniqueIdentifier>
      <Extensions>rc;ico;cur;bmp;dlg;rc2;rct;bin;rgs;gif;jpg;jpeg;jpe;resx;tiff;tif;png;wav;mfcribbon-ms</Extensions>
    </Filter>
    <Filter Include="src">
      <UniqueIdentifier>{93995380-89BD-4b04-88EB-625FBE52EBFB}</UniqueIdentifier>
      <Extensions>h;hpp;hxx;hm;inl;inc;xsd</Extensions>
    </Filter>
    <Filter Include="src\model">
      <UniqueIdentifier>{09bd1fe2-e439-4745-bc44-3bddb863edaf}</UniqueIdentifier>
    </Filter>
    <Filter Include="src\view">
      <UniqueIdentifier>{23adc54d-8ee5-47bb-8457-d2cbb74a52ac}</UniqueIdentifier>
    </Filter>
    <Filter Include="src\includes">
      <UniqueIdentifier>{a0f3e55c-4872-4e8a-af0d-ed9aea4db6e5}</UniqueIdentifier>
    </Filter>
    <Filter Include="src\util">
      <UniqueIdentifier>{b593ab11-e4b5-4f62-853e-111571edbd0d}</UniqueIdentifier>
    </Filter>
    <Filter Include="src\controller">
      <UniqueIdentifier>{f3a75e3f-769f-4f7b-aa63-0170847a4b36}</UniqueIdentifier>
    </Filter>
    <Filter Include="src\view\screens">
      <UniqueIdentifier>{ea1873f8-77fe-4a10-b9bb-37ed568ee503}</UniqueIdentifier>
    </Filter>
    <Filter Include="src\view\guielements">
      <UniqueIdentifier>{201842e0-08df-4e50-a7c9-f1800b6d50e4}</UniqueIdentifier>
    </Filter>
    <Filter Include="src\services">
      <UniqueIdentifier>{343e8df0-ce33-4790-9725-4365f5d0eb74}</UniqueIdentifier>
    </Filter>
  </ItemGroup>
  <ItemGroup>
    <ClCompile Include="main.cpp">
      <Filter>src</Filter>
    </ClCompile>
    <ClCompile Include="util\Observable.cpp">
      <Filter>src\util</Filter>
    </ClCompile>
    <ClCompile Include="controller\Player.cpp">
      <Filter>src\controller</Filter>
    </ClCompile>
    <ClCompile Include="controller\GameController.cpp">
      <Filter>src\controller</Filter>
    </ClCompile>
    <ClCompile Include="controller\Controller.cpp">
      <Filter>src\controller</Filter>
    </ClCompile>
    <ClCompile Include="controller\JoinGameController.cpp">
      <Filter>src\controller</Filter>
    </ClCompile>
    <ClCompile Include="controller\MainScreenController.cpp">
      <Filter>src\controller</Filter>
    </ClCompile>
    <ClCompile Include="view\GUIElements\Button.cpp">
      <Filter>src\view\guielements</Filter>
    </ClCompile>
    <ClCompile Include="view\GUIElements\TextField.cpp">
      <Filter>src\view\guielements</Filter>
    </ClCompile>
    <ClCompile Include="view\GUIElements\GUIElement.cpp">
      <Filter>src\view\guielements</Filter>
    </ClCompile>
    <ClCompile Include="util\TextEventHelper.cpp">
      <Filter>src\util</Filter>
    </ClCompile>
    <ClCompile Include="view\screens\JoinGameScreen.cpp">
      <Filter>src\view\screens</Filter>
    </ClCompile>
    <ClCompile Include="view\screens\MainScreen.cpp">
      <Filter>src\view\screens</Filter>
    </ClCompile>
    <ClCompile Include="view\screens\Screen.cpp">
      <Filter>src\view\screens</Filter>
    </ClCompile>
    <ClCompile Include="view\screens\SettingsScreen.cpp">
      <Filter>src\view\screens</Filter>
    </ClCompile>
    <ClCompile Include="view\screens\worldview.cpp">
      <Filter>src\view\screens</Filter>
    </ClCompile>
    <ClCompile Include="view\screens\PauseScreen.cpp">
      <Filter>src\view\screens</Filter>
    </ClCompile>
    <ClCompile Include="controller\PauseScreenController.cpp">
      <Filter>src\controller</Filter>
    </ClCompile>
    <ClCompile Include="controller\IController.cpp">
      <Filter>src\controller</Filter>
    </ClCompile>
    <ClCompile Include="model\Bullet.cpp">
      <Filter>src\model</Filter>
    </ClCompile>
    <ClCompile Include="model\Character.cpp">
      <Filter>src\model</Filter>
    </ClCompile>
    <ClCompile Include="model\ContactListener.cpp">
      <Filter>src\model</Filter>
    </ClCompile>
    <ClCompile Include="model\DynamicGameObject.cpp">
      <Filter>src\model</Filter>
    </ClCompile>
    <ClCompile Include="model\Wall.cpp">
      <Filter>src\model</Filter>
    </ClCompile>
    <ClCompile Include="model\World.cpp">
      <Filter>src\model</Filter>
    </ClCompile>
    <ClCompile Include="model\WorldChain.cpp">
      <Filter>src\model</Filter>
    </ClCompile>
    <ClCompile Include="model\WorldData.cpp">
      <Filter>src\model</Filter>
    </ClCompile>
    <ClCompile Include="services\ConfigHandler.cpp">
      <Filter>src\services</Filter>
    </ClCompile>
    <ClCompile Include="services\Input.cpp">
      <Filter>src\services</Filter>
    </ClCompile>
    <ClCompile Include="services\KeyLookup.cpp">
      <Filter>src\services</Filter>
    </ClCompile>
    <ClCompile Include="services\MusicHandler.cpp">
      <Filter>src\services</Filter>
    </ClCompile>
    <ClCompile Include="services\NetworkHandler.cpp">
      <Filter>src\services</Filter>
    </ClCompile>
    <ClCompile Include="services\ResourceHandler.cpp">
      <Filter>src\services</Filter>
    </ClCompile>
    <ClCompile Include="view\AnimatedSprite.cpp">
      <Filter>src\view</Filter>
    </ClCompile>
    <ClCompile Include="view\BulletView.cpp">
      <Filter>src\view</Filter>
    </ClCompile>
    <ClCompile Include="view\CharacterView.cpp">
      <Filter>src\view</Filter>
    </ClCompile>
    <ClCompile Include="view\HUDSprite.cpp">
      <Filter>src\view</Filter>
    </ClCompile>
    <ClCompile Include="view\Window.cpp">
      <Filter>src\view</Filter>
    </ClCompile>
    <ClCompile Include="includes\Global.cpp">
      <Filter>src\includes</Filter>
    </ClCompile>
    <ClCompile Include="App.cpp">
      <Filter>src</Filter>
    </ClCompile>
  </ItemGroup>
  <ItemGroup>
    <ClInclude Include="util\Observable.h">
      <Filter>src\util</Filter>
    </ClInclude>
    <ClInclude Include="util\Observer.h">
      <Filter>src\util</Filter>
    </ClInclude>
    <ClInclude Include="controller\Player.h">
      <Filter>src\controller</Filter>
    </ClInclude>
    <ClInclude Include="controller\GameController.h">
      <Filter>src\controller</Filter>
    </ClInclude>
    <ClInclude Include="controller\Controller.h">
      <Filter>src\controller</Filter>
    </ClInclude>
    <ClInclude Include="controller\IController.h">
      <Filter>src\controller</Filter>
    </ClInclude>
    <ClInclude Include="controller\JoinGameController.h">
      <Filter>src\controller</Filter>
    </ClInclude>
    <ClInclude Include="controller\MainScreenController.h">
      <Filter>src\controller</Filter>
    </ClInclude>
    <ClInclude Include="view\GUIElements\Button.h">
      <Filter>src\view\guielements</Filter>
    </ClInclude>
    <ClInclude Include="view\GUIElements\GUIElement.h">
      <Filter>src\view\guielements</Filter>
    </ClInclude>
    <ClInclude Include="view\GUIElements\TextField.h">
      <Filter>src\view\guielements</Filter>
    </ClInclude>
    <ClInclude Include="util\Event.h">
      <Filter>src\util</Filter>
    </ClInclude>
    <ClInclude Include="util\TextEventHelper.h">
      <Filter>src\util</Filter>
    </ClInclude>
    <ClInclude Include="view\screens\JoinGameScreen.h">
      <Filter>src\view\screens</Filter>
    </ClInclude>
    <ClInclude Include="view\screens\MainScreen.h">
      <Filter>src\view\screens</Filter>
    </ClInclude>
    <ClInclude Include="view\screens\Screen.h">
      <Filter>src\view\screens</Filter>
    </ClInclude>
    <ClInclude Include="view\screens\SettingsScreen.h">
      <Filter>src\view\screens</Filter>
    </ClInclude>
    <ClInclude Include="view\screens\worldview.h">
      <Filter>src\view\screens</Filter>
    </ClInclude>
    <ClInclude Include="view\screens\PauseScreen.h">
      <Filter>src\view\screens</Filter>
    </ClInclude>
    <ClInclude Include="controller\PauseScreenController.h">
      <Filter>src\controller</Filter>
    </ClInclude>
    <ClInclude Include="model\Bullet.h">
      <Filter>src\model</Filter>
    </ClInclude>
    <ClInclude Include="model\Character.h">
      <Filter>src\model</Filter>
    </ClInclude>
    <ClInclude Include="model\ContactListener.h">
      <Filter>src\model</Filter>
    </ClInclude>
    <ClInclude Include="model\DynamicGameObject.h">
      <Filter>src\model</Filter>
    </ClInclude>
    <ClInclude Include="model\GameObject.h">
      <Filter>src\model</Filter>
    </ClInclude>
    <ClInclude Include="model\ICharacter.h">
      <Filter>src\model</Filter>
    </ClInclude>
    <ClInclude Include="model\Wall.h">
      <Filter>src\model</Filter>
    </ClInclude>
    <ClInclude Include="model\World.h">
      <Filter>src\model</Filter>
    </ClInclude>
    <ClInclude Include="model\WorldChain.h">
      <Filter>src\model</Filter>
    </ClInclude>
    <ClInclude Include="model\WorldData.h">
      <Filter>src\model</Filter>
    </ClInclude>
    <ClInclude Include="services\ConfigHandler.h">
      <Filter>src\services</Filter>
    </ClInclude>
    <ClInclude Include="services\Input.h">
      <Filter>src\services</Filter>
    </ClInclude>
    <ClInclude Include="services\KeyLookup.h">
      <Filter>src\services</Filter>
    </ClInclude>
    <ClInclude Include="services\MusicHandler.h">
      <Filter>src\services</Filter>
    </ClInclude>
    <ClInclude Include="services\NetworkHandler.h">
      <Filter>src\services</Filter>
    </ClInclude>
    <ClInclude Include="services\ResourceHandler.h">
      <Filter>src\services</Filter>
    </ClInclude>
    <ClInclude Include="view\AnimatedSprite.h">
      <Filter>src\view</Filter>
    </ClInclude>
    <ClInclude Include="view\BulletView.h">
      <Filter>src\view</Filter>
    </ClInclude>
    <ClInclude Include="view\CharacterView.h">
      <Filter>src\view</Filter>
    </ClInclude>
    <ClInclude Include="view\GameObjectView.h">
      <Filter>src\view</Filter>
    </ClInclude>
    <ClInclude Include="view\HUDSprite.h">
      <Filter>src\view</Filter>
    </ClInclude>
    <ClInclude Include="view\Window.h">
      <Filter>src\view</Filter>
    </ClInclude>
    <ClInclude Include="includes\Defines.h">
      <Filter>src\includes</Filter>
    </ClInclude>
    <ClInclude Include="includes\Global.h">
      <Filter>src\includes</Filter>
    </ClInclude>
    <ClInclude Include="includes\Client.h">
      <Filter>src\includes</Filter>
    </ClInclude>
    <ClInclude Include="App.h">
      <Filter>src</Filter>
    </ClInclude>
  </ItemGroup>
</Project>