<?xml version="1.0" encoding="utf-8"?>
<Project ToolsVersion="4.0" xmlns="http://schemas.microsoft.com/developer/msbuild/2003">
  <ItemGroup>
    <Filter Include="Source Files">
      <UniqueIdentifier>{4FC737F1-C7A5-4376-A066-2A32D752A2FF}</UniqueIdentifier>
      <Extensions>cpp;c;cc;cxx;def;odl;idl;hpj;bat;asm;asmx</Extensions>
    </Filter>
    <Filter Include="Header Files">
      <UniqueIdentifier>{93995380-89BD-4b04-88EB-625FBE52EBFB}</UniqueIdentifier>
      <Extensions>h;hpp;hxx;hm;inl;inc;xsd</Extensions>
    </Filter>
    <Filter Include="Resource Files">
      <UniqueIdentifier>{67DA6AB6-F800-4c08-8B7A-83BB121AAD01}</UniqueIdentifier>
      <Extensions>rc;ico;cur;bmp;dlg;rc2;rct;bin;rgs;gif;jpg;jpeg;jpe;resx;tiff;tif;png;wav;mfcribbon-ms</Extensions>
    </Filter>
    <Filter Include="SFML Test">
      <UniqueIdentifier>{df0214b2-82ea-4a52-ad7c-0030949edeb1}</UniqueIdentifier>
    </Filter>
    <Filter Include="SFML Test\model">
      <UniqueIdentifier>{da3200c2-1837-43b5-8b26-6d80a82d9874}</UniqueIdentifier>
    </Filter>
    <Filter Include="SFML Test\services">
      <UniqueIdentifier>{3af3297e-2477-42e5-94a0-7d3b5dee1dc2}</UniqueIdentifier>
    </Filter>
    <Filter Include="SFML Test\util">
      <UniqueIdentifier>{66fae738-55e2-42f5-a677-1c320f17550f}</UniqueIdentifier>
    </Filter>
  </ItemGroup>
  <ItemGroup>
    <None Include="ReadMe.txt" />
  </ItemGroup>
  <ItemGroup>
    <ClInclude Include="stdafx.h">
      <Filter>Header Files</Filter>
    </ClInclude>
    <ClInclude Include="targetver.h">
      <Filter>Header Files</Filter>
    </ClInclude>
    <ClInclude Include="..\SFML Test\model\bullet.h">
      <Filter>SFML Test\model</Filter>
    </ClInclude>
    <ClInclude Include="..\SFML Test\model\character.h">
      <Filter>SFML Test\model</Filter>
    </ClInclude>
    <ClInclude Include="..\SFML Test\model\ContactListener.h">
      <Filter>SFML Test\model</Filter>
    </ClInclude>
    <ClInclude Include="..\SFML Test\global.h">
      <Filter>SFML Test\model</Filter>
    </ClInclude>
    <ClInclude Include="..\SFML Test\model\Player.h">
      <Filter>SFML Test\model</Filter>
    </ClInclude>
    <ClInclude Include="..\SFML Test\model\world.h">
      <Filter>SFML Test\model</Filter>
    </ClInclude>
    <ClInclude Include="..\SFML Test\model\worlddata.h">
      <Filter>SFML Test\model</Filter>
    </ClInclude>
    <ClInclude Include="..\SFML Test\services\confighandler.h">
      <Filter>SFML Test\services</Filter>
    </ClInclude>
    <ClInclude Include="..\SFML Test\services\keylookup.h">
      <Filter>SFML Test\services</Filter>
    </ClInclude>
    <ClInclude Include="..\SFML Test\services\networkhandler.h">
      <Filter>SFML Test\services</Filter>
    </ClInclude>
    <ClInclude Include="..\SFML Test\services\resourcehandler.h">
      <Filter>SFML Test\services</Filter>
    </ClInclude>
    <ClInclude Include="..\SFML Test\util\Observable.h">
      <Filter>SFML Test\util</Filter>
    </ClInclude>
    <ClInclude Include="..\SFML Test\util\Observer.h">
      <Filter>SFML Test\util</Filter>
    </ClInclude>
  </ItemGroup>
  <ItemGroup>
    <ClCompile Include="stdafx.cpp">
      <Filter>Source Files</Filter>
    </ClCompile>
    <ClCompile Include="Tests.cpp">
      <Filter>Source Files</Filter>
    </ClCompile>
    <ClCompile Include="BulletTest.cpp">
      <Filter>Source Files</Filter>
    </ClCompile>
    <ClCompile Include="..\SFML Test\model\bullet.cpp">
      <Filter>SFML Test\model</Filter>
    </ClCompile>
    <ClCompile Include="..\SFML Test\model\character.cpp">
      <Filter>SFML Test\model</Filter>
    </ClCompile>
    <ClCompile Include="..\SFML Test\model\ContactListener.cpp">
      <Filter>SFML Test\model</Filter>
    </ClCompile>
    <ClCompile Include="..\SFML Test\global.cpp">
      <Filter>SFML Test\model</Filter>
    </ClCompile>
    <ClCompile Include="..\SFML Test\model\Player.cpp">
      <Filter>SFML Test\model</Filter>
    </ClCompile>
    <ClCompile Include="..\SFML Test\model\world.cpp">
      <Filter>SFML Test\model</Filter>
    </ClCompile>
    <ClCompile Include="..\SFML Test\model\worlddata.cpp">
      <Filter>SFML Test\model</Filter>
    </ClCompile>
    <ClCompile Include="..\SFML Test\services\confighandler.cpp">
      <Filter>SFML Test\services</Filter>
    </ClCompile>
    <ClCompile Include="..\SFML Test\services\keylookup.cpp">
      <Filter>SFML Test\services</Filter>
    </ClCompile>
    <ClCompile Include="..\SFML Test\services\networkhandler.cpp">
      <Filter>SFML Test\services</Filter>
    </ClCompile>
    <ClCompile Include="..\SFML Test\services\resourcehandler.cpp">
      <Filter>SFML Test\services</Filter>
    </ClCompile>
    <ClCompile Include="..\SFML Test\util\Observable.cpp">
      <Filter>SFML Test\util</Filter>
    </ClCompile>
    <ClCompile Include="BodyTest.cpp">
      <Filter>Source Files</Filter>
    </ClCompile>
  </ItemGroup>
</Project>