
Microsoft Visual Studio Solution File, Format Version 11.00
# Visual Studio 2010
Project("{8BC9CEB8-8B4A-11D0-8D11-00A0C91BC942}") = "Tests", "Tests\Tests.vcxproj", "{F7B310F9-D82A-42E5-892E-6DBE6A7EC769}"
EndProject
Project("{8BC9CEB8-8B4A-11D0-8D11-00A0C91BC942}") = "Multiplaya", "Multiplaya\Multiplaya.vcxproj", "{33D5B1A8-EAC1-47C0-ACCE-5D9DC4897AFB}"
EndProject
Global
	GlobalSection(SolutionConfigurationPlatforms) = preSolution
		Debug|Win32 = Debug|Win32
		Release|Win32 = Release|Win32
	EndGlobalSection
	GlobalSection(ProjectConfigurationPlatforms) = postSolution
		{F7B310F9-D82A-42E5-892E-6DBE6A7EC769}.Debug|Win32.ActiveCfg = Debug|Win32
		{F7B310F9-D82A-42E5-892E-6DBE6A7EC769}.Debug|Win32.Build.0 = Debug|Win32
		{F7B310F9-D82A-42E5-892E-6DBE6A7EC769}.Release|Win32.ActiveCfg = Release|Win32
		{F7B310F9-D82A-42E5-892E-6DBE6A7EC769}.Release|Win32.Build.0 = Release|Win32
		{33D5B1A8-EAC1-47C0-ACCE-5D9DC4897AFB}.Debug|Win32.ActiveCfg = Debug|Win32
		{33D5B1A8-EAC1-47C0-ACCE-5D9DC4897AFB}.Debug|Win32.Build.0 = Debug|Win32
		{33D5B1A8-EAC1-47C0-ACCE-5D9DC4897AFB}.Release|Win32.ActiveCfg = Release|Win32
		{33D5B1A8-EAC1-47C0-ACCE-5D9DC4897AFB}.Release|Win32.Build.0 = Release|Win32
	EndGlobalSection
	GlobalSection(SolutionProperties) = preSolution
		HideSolutionNode = FALSE
	EndGlobalSection
EndGlobal
